
Microsoft Visual Studio Solution File, Format Version 12.00
# Visual Studio Version 17
VisualStudioVersion = 17.7.34031.279
MinimumVisualStudioVersion = 10.0.40219.1
Project("{FAE04EC0-301F-11D3-BF4B-00C04F79EFBC}") = "Entities", "Entities\Entities.csproj", "{F9144D70-C1C8-4015-A22F-EE8767992D67}"
EndProject
Project("{FAE04EC0-301F-11D3-BF4B-00C04F79EFBC}") = "DataAccess", "DataAccess\DataAccess.csproj", "{4D3FBAE8-860F-42AC-8A8F-39025EFA1FD4}"
EndProject
Project("{FAE04EC0-301F-11D3-BF4B-00C04F79EFBC}") = "Business", "Business\Business.csproj", "{9E9FD0A5-24CB-4F2B-877B-DD77FAF14310}"
EndProject
Project("{FAE04EC0-301F-11D3-BF4B-00C04F79EFBC}") = "ConsoleUI", "ConsoleUI\ConsoleUI.csproj", "{7E4CD65E-F207-4A6D-8C3E-6AB58A5CB9D3}"
EndProject
Global
	GlobalSection(SolutionConfigurationPlatforms) = preSolution
		Debug|Any CPU = Debug|Any CPU
		Release|Any CPU = Release|Any CPU
	EndGlobalSection
	GlobalSection(ProjectConfigurationPlatforms) = postSolution
		{F9144D70-C1C8-4015-A22F-EE8767992D67}.Debug|Any CPU.ActiveCfg = Debug|Any CPU
		{F9144D70-C1C8-4015-A22F-EE8767992D67}.Debug|Any CPU.Build.0 = Debug|Any CPU
		{F9144D70-C1C8-4015-A22F-EE8767992D67}.Release|Any CPU.ActiveCfg = Release|Any CPU
		{F9144D70-C1C8-4015-A22F-EE8767992D67}.Release|Any CPU.Build.0 = Release|Any CPU
		{4D3FBAE8-860F-42AC-8A8F-39025EFA1FD4}.Debug|Any CPU.ActiveCfg = Debug|Any CPU
		{4D3FBAE8-860F-42AC-8A8F-39025EFA1FD4}.Debug|Any CPU.Build.0 = Debug|Any CPU
		{4D3FBAE8-860F-42AC-8A8F-39025EFA1FD4}.Release|Any CPU.ActiveCfg = Release|Any CPU
		{4D3FBAE8-860F-42AC-8A8F-39025EFA1FD4}.Release|Any CPU.Build.0 = Release|Any CPU
		{9E9FD0A5-24CB-4F2B-877B-DD77FAF14310}.Debug|Any CPU.ActiveCfg = Debug|Any CPU
		{9E9FD0A5-24CB-4F2B-877B-DD77FAF14310}.Debug|Any CPU.Build.0 = Debug|Any CPU
		{9E9FD0A5-24CB-4F2B-877B-DD77FAF14310}.Release|Any CPU.ActiveCfg = Release|Any CPU
		{9E9FD0A5-24CB-4F2B-877B-DD77FAF14310}.Release|Any CPU.Build.0 = Release|Any CPU
		{7E4CD65E-F207-4A6D-8C3E-6AB58A5CB9D3}.Debug|Any CPU.ActiveCfg = Debug|Any CPU
		{7E4CD65E-F207-4A6D-8C3E-6AB58A5CB9D3}.Debug|Any CPU.Build.0 = Debug|Any CPU
		{7E4CD65E-F207-4A6D-8C3E-6AB58A5CB9D3}.Release|Any CPU.ActiveCfg = Release|Any CPU
		{7E4CD65E-F207-4A6D-8C3E-6AB58A5CB9D3}.Release|Any CPU.Build.0 = Release|Any CPU
	EndGlobalSection
	GlobalSection(SolutionProperties) = preSolution
		HideSolutionNode = FALSE
	EndGlobalSection
	GlobalSection(ExtensibilityGlobals) = postSolution
		SolutionGuid = {70BF16B1-F73F-4A4D-9009-AB648B12099A}
	EndGlobalSection
EndGlobal
